
Microsoft Visual Studio Solution File, Format Version 12.00
# Visual Studio Version 16
VisualStudioVersion = 16.0.31702.278
MinimumVisualStudioVersion = 10.0.40219.1
Project("{FAE04EC0-301F-11D3-BF4B-00C04F79EFBC}") = "JobsApp.UWP", "JobsApp\JobsApp.UWP\JobsApp.UWP.csproj", "{C3C4AA98-E2B0-44F3-8ECF-5831A32D9F19}"
EndProject
Project("{FAE04EC0-301F-11D3-BF4B-00C04F79EFBC}") = "JobsApp.Android", "JobsApp\JobsApp.Android\JobsApp.Android.csproj", "{B0A2A575-3DC7-42BA-BC84-974F55DD0193}"
EndProject
Project("{FAE04EC0-301F-11D3-BF4B-00C04F79EFBC}") = "JobsApp.iOS", "JobsApp\JobsApp.iOS\JobsApp.iOS.csproj", "{1CD2FCC6-73A6-4A4D-B518-243B0FE37A90}"
EndProject
Project("{9A19103F-16F7-4668-BE54-9A1E7A4F7556}") = "JobsApp", "JobsApp\JobsApp\JobsApp.csproj", "{8795318F-8649-407D-B44A-BC1BCC6CA31A}"
EndProject
Global
	GlobalSection(SolutionConfigurationPlatforms) = preSolution
		Debug|Any CPU = Debug|Any CPU
		Debug|ARM = Debug|ARM
		Debug|iPhone = Debug|iPhone
		Debug|iPhoneSimulator = Debug|iPhoneSimulator
		Debug|x64 = Debug|x64
		Debug|x86 = Debug|x86
		Release|Any CPU = Release|Any CPU
		Release|ARM = Release|ARM
		Release|iPhone = Release|iPhone
		Release|iPhoneSimulator = Release|iPhoneSimulator
		Release|x64 = Release|x64
		Release|x86 = Release|x86
	EndGlobalSection
	GlobalSection(ProjectConfigurationPlatforms) = postSolution
		{C3C4AA98-E2B0-44F3-8ECF-5831A32D9F19}.Debug|Any CPU.ActiveCfg = Debug|x86
		{C3C4AA98-E2B0-44F3-8ECF-5831A32D9F19}.Debug|Any CPU.Build.0 = Debug|x86
		{C3C4AA98-E2B0-44F3-8ECF-5831A32D9F19}.Debug|Any CPU.Deploy.0 = Debug|x86
		{C3C4AA98-E2B0-44F3-8ECF-5831A32D9F19}.Debug|ARM.ActiveCfg = Debug|ARM
		{C3C4AA98-E2B0-44F3-8ECF-5831A32D9F19}.Debug|ARM.Build.0 = Debug|ARM
		{C3C4AA98-E2B0-44F3-8ECF-5831A32D9F19}.Debug|ARM.Deploy.0 = Debug|ARM
		{C3C4AA98-E2B0-44F3-8ECF-5831A32D9F19}.Debug|iPhone.ActiveCfg = Debug|x86
		{C3C4AA98-E2B0-44F3-8ECF-5831A32D9F19}.Debug|iPhone.Build.0 = Debug|x86
		{C3C4AA98-E2B0-44F3-8ECF-5831A32D9F19}.Debug|iPhone.Deploy.0 = Debug|x86
		{C3C4AA98-E2B0-44F3-8ECF-5831A32D9F19}.Debug|iPhoneSimulator.ActiveCfg = Debug|x86
		{C3C4AA98-E2B0-44F3-8ECF-5831A32D9F19}.Debug|iPhoneSimulator.Build.0 = Debug|x86
		{C3C4AA98-E2B0-44F3-8ECF-5831A32D9F19}.Debug|iPhoneSimulator.Deploy.0 = Debug|x86
		{C3C4AA98-E2B0-44F3-8ECF-5831A32D9F19}.Debug|x64.ActiveCfg = Debug|x64
		{C3C4AA98-E2B0-44F3-8ECF-5831A32D9F19}.Debug|x64.Build.0 = Debug|x64
		{C3C4AA98-E2B0-44F3-8ECF-5831A32D9F19}.Debug|x64.Deploy.0 = Debug|x64
		{C3C4AA98-E2B0-44F3-8ECF-5831A32D9F19}.Debug|x86.ActiveCfg = Debug|x86
		{C3C4AA98-E2B0-44F3-8ECF-5831A32D9F19}.Debug|x86.Build.0 = Debug|x86
		{C3C4AA98-E2B0-44F3-8ECF-5831A32D9F19}.Debug|x86.Deploy.0 = Debug|x86
		{C3C4AA98-E2B0-44F3-8ECF-5831A32D9F19}.Release|Any CPU.ActiveCfg = Release|x86
		{C3C4AA98-E2B0-44F3-8ECF-5831A32D9F19}.Release|Any CPU.Build.0 = Release|x86
		{C3C4AA98-E2B0-44F3-8ECF-5831A32D9F19}.Release|Any CPU.Deploy.0 = Release|x86
		{C3C4AA98-E2B0-44F3-8ECF-5831A32D9F19}.Release|ARM.ActiveCfg = Release|ARM
		{C3C4AA98-E2B0-44F3-8ECF-5831A32D9F19}.Release|ARM.Build.0 = Release|ARM
		{C3C4AA98-E2B0-44F3-8ECF-5831A32D9F19}.Release|ARM.Deploy.0 = Release|ARM
		{C3C4AA98-E2B0-44F3-8ECF-5831A32D9F19}.Release|iPhone.ActiveCfg = Release|x86
		{C3C4AA98-E2B0-44F3-8ECF-5831A32D9F19}.Release|iPhone.Build.0 = Release|x86
		{C3C4AA98-E2B0-44F3-8ECF-5831A32D9F19}.Release|iPhone.Deploy.0 = Release|x86
		{C3C4AA98-E2B0-44F3-8ECF-5831A32D9F19}.Release|iPhoneSimulator.ActiveCfg = Release|x86
		{C3C4AA98-E2B0-44F3-8ECF-5831A32D9F19}.Release|iPhoneSimulator.Build.0 = Release|x86
		{C3C4AA98-E2B0-44F3-8ECF-5831A32D9F19}.Release|iPhoneSimulator.Deploy.0 = Release|x86
		{C3C4AA98-E2B0-44F3-8ECF-5831A32D9F19}.Release|x64.ActiveCfg = Release|x64
		{C3C4AA98-E2B0-44F3-8ECF-5831A32D9F19}.Release|x64.Build.0 = Release|x64
		{C3C4AA98-E2B0-44F3-8ECF-5831A32D9F19}.Release|x64.Deploy.0 = Release|x64
		{C3C4AA98-E2B0-44F3-8ECF-5831A32D9F19}.Release|x86.ActiveCfg = Release|x86
		{C3C4AA98-E2B0-44F3-8ECF-5831A32D9F19}.Release|x86.Build.0 = Release|x86
		{C3C4AA98-E2B0-44F3-8ECF-5831A32D9F19}.Release|x86.Deploy.0 = Release|x86
		{B0A2A575-3DC7-42BA-BC84-974F55DD0193}.Debug|Any CPU.ActiveCfg = Debug|Any CPU
		{B0A2A575-3DC7-42BA-BC84-974F55DD0193}.Debug|Any CPU.Build.0 = Debug|Any CPU
		{B0A2A575-3DC7-42BA-BC84-974F55DD0193}.Debug|Any CPU.Deploy.0 = Debug|Any CPU
		{B0A2A575-3DC7-42BA-BC84-974F55DD0193}.Debug|ARM.ActiveCfg = Debug|Any CPU
		{B0A2A575-3DC7-42BA-BC84-974F55DD0193}.Debug|ARM.Build.0 = Debug|Any CPU
		{B0A2A575-3DC7-42BA-BC84-974F55DD0193}.Debug|ARM.Deploy.0 = Debug|Any CPU
		{B0A2A575-3DC7-42BA-BC84-974F55DD0193}.Debug|iPhone.ActiveCfg = Debug|Any CPU
		{B0A2A575-3DC7-42BA-BC84-974F55DD0193}.Debug|iPhone.Build.0 = Debug|Any CPU
		{B0A2A575-3DC7-42BA-BC84-974F55DD0193}.Debug|iPhone.Deploy.0 = Debug|Any CPU
		{B0A2A575-3DC7-42BA-BC84-974F55DD0193}.Debug|iPhoneSimulator.ActiveCfg = Debug|Any CPU
		{B0A2A575-3DC7-42BA-BC84-974F55DD0193}.Debug|iPhoneSimulator.Build.0 = Debug|Any CPU
		{B0A2A575-3DC7-42BA-BC84-974F55DD0193}.Debug|iPhoneSimulator.Deploy.0 = Debug|Any CPU
		{B0A2A575-3DC7-42BA-BC84-974F55DD0193}.Debug|x64.ActiveCfg = Debug|Any CPU
		{B0A2A575-3DC7-42BA-BC84-974F55DD0193}.Debug|x64.Build.0 = Debug|Any CPU
		{B0A2A575-3DC7-42BA-BC84-974F55DD0193}.Debug|x64.Deploy.0 = Debug|Any CPU
		{B0A2A575-3DC7-42BA-BC84-974F55DD0193}.Debug|x86.ActiveCfg = Debug|Any CPU
		{B0A2A575-3DC7-42BA-BC84-974F55DD0193}.Debug|x86.Build.0 = Debug|Any CPU
		{B0A2A575-3DC7-42BA-BC84-974F55DD0193}.Debug|x86.Deploy.0 = Debug|Any CPU
		{B0A2A575-3DC7-42BA-BC84-974F55DD0193}.Release|Any CPU.ActiveCfg = Release|Any CPU
		{B0A2A575-3DC7-42BA-BC84-974F55DD0193}.Release|Any CPU.Build.0 = Release|Any CPU
		{B0A2A575-3DC7-42BA-BC84-974F55DD0193}.Release|Any CPU.Deploy.0 = Release|Any CPU
		{B0A2A575-3DC7-42BA-BC84-974F55DD0193}.Release|ARM.ActiveCfg = Release|Any CPU
		{B0A2A575-3DC7-42BA-BC84-974F55DD0193}.Release|ARM.Build.0 = Release|Any CPU
		{B0A2A575-3DC7-42BA-BC84-974F55DD0193}.Release|ARM.Deploy.0 = Release|Any CPU
		{B0A2A575-3DC7-42BA-BC84-974F55DD0193}.Release|iPhone.ActiveCfg = Release|Any CPU
		{B0A2A575-3DC7-42BA-BC84-974F55DD0193}.Release|iPhone.Build.0 = Release|Any CPU
		{B0A2A575-3DC7-42BA-BC84-974F55DD0193}.Release|iPhone.Deploy.0 = Release|Any CPU
		{B0A2A575-3DC7-42BA-BC84-974F55DD0193}.Release|iPhoneSimulator.ActiveCfg = Release|Any CPU
		{B0A2A575-3DC7-42BA-BC84-974F55DD0193}.Release|iPhoneSimulator.Build.0 = Release|Any CPU
		{B0A2A575-3DC7-42BA-BC84-974F55DD0193}.Release|iPhoneSimulator.Deploy.0 = Release|Any CPU
		{B0A2A575-3DC7-42BA-BC84-974F55DD0193}.Release|x64.ActiveCfg = Release|Any CPU
		{B0A2A575-3DC7-42BA-BC84-974F55DD0193}.Release|x64.Build.0 = Release|Any CPU
		{B0A2A575-3DC7-42BA-BC84-974F55DD0193}.Release|x64.Deploy.0 = Release|Any CPU
		{B0A2A575-3DC7-42BA-BC84-974F55DD0193}.Release|x86.ActiveCfg = Release|Any CPU
		{B0A2A575-3DC7-42BA-BC84-974F55DD0193}.Release|x86.Build.0 = Release|Any CPU
		{B0A2A575-3DC7-42BA-BC84-974F55DD0193}.Release|x86.Deploy.0 = Release|Any CPU
		{1CD2FCC6-73A6-4A4D-B518-243B0FE37A90}.Debug|Any CPU.ActiveCfg = Debug|iPhoneSimulator
		{1CD2FCC6-73A6-4A4D-B518-243B0FE37A90}.Debug|Any CPU.Build.0 = Debug|iPhoneSimulator
		{1CD2FCC6-73A6-4A4D-B518-243B0FE37A90}.Debug|Any CPU.Deploy.0 = Debug|iPhoneSimulator
		{1CD2FCC6-73A6-4A4D-B518-243B0FE37A90}.Debug|ARM.ActiveCfg = Debug|iPhone
		{1CD2FCC6-73A6-4A4D-B518-243B0FE37A90}.Debug|ARM.Build.0 = Debug|iPhone
		{1CD2FCC6-73A6-4A4D-B518-243B0FE37A90}.Debug|ARM.Deploy.0 = Debug|iPhone
		{1CD2FCC6-73A6-4A4D-B518-243B0FE37A90}.Debug|iPhone.ActiveCfg = Debug|iPhone
		{1CD2FCC6-73A6-4A4D-B518-243B0FE37A90}.Debug|iPhone.Build.0 = Debug|iPhone
		{1CD2FCC6-73A6-4A4D-B518-243B0FE37A90}.Debug|iPhone.Deploy.0 = Debug|iPhone
		{1CD2FCC6-73A6-4A4D-B518-243B0FE37A90}.Debug|iPhoneSimulator.ActiveCfg = Debug|iPhoneSimulator
		{1CD2FCC6-73A6-4A4D-B518-243B0FE37A90}.Debug|iPhoneSimulator.Build.0 = Debug|iPhoneSimulator
		{1CD2FCC6-73A6-4A4D-B518-243B0FE37A90}.Debug|iPhoneSimulator.Deploy.0 = Debug|iPhoneSimulator
		{1CD2FCC6-73A6-4A4D-B518-243B0FE37A90}.Debug|x64.ActiveCfg = Debug|iPhoneSimulator
		{1CD2FCC6-73A6-4A4D-B518-243B0FE37A90}.Debug|x64.Build.0 = Debug|iPhoneSimulator
		{1CD2FCC6-73A6-4A4D-B518-243B0FE37A90}.Debug|x64.Deploy.0 = Debug|iPhoneSimulator
		{1CD2FCC6-73A6-4A4D-B518-243B0FE37A90}.Debug|x86.ActiveCfg = Debug|iPhoneSimulator
		{1CD2FCC6-73A6-4A4D-B518-243B0FE37A90}.Debug|x86.Build.0 = Debug|iPhoneSimulator
		{1CD2FCC6-73A6-4A4D-B518-243B0FE37A90}.Debug|x86.Deploy.0 = Debug|iPhoneSimulator
		{1CD2FCC6-73A6-4A4D-B518-243B0FE37A90}.Release|Any CPU.ActiveCfg = Release|iPhoneSimulator
		{1CD2FCC6-73A6-4A4D-B518-243B0FE37A90}.Release|Any CPU.Build.0 = Release|iPhoneSimulator
		{1CD2FCC6-73A6-4A4D-B518-243B0FE37A90}.Release|Any CPU.Deploy.0 = Release|iPhoneSimulator
		{1CD2FCC6-73A6-4A4D-B518-243B0FE37A90}.Release|ARM.ActiveCfg = Release|iPhoneSimulator
		{1CD2FCC6-73A6-4A4D-B518-243B0FE37A90}.Release|ARM.Build.0 = Release|iPhoneSimulator
		{1CD2FCC6-73A6-4A4D-B518-243B0FE37A90}.Release|ARM.Deploy.0 = Release|iPhoneSimulator
		{1CD2FCC6-73A6-4A4D-B518-243B0FE37A90}.Release|iPhone.ActiveCfg = Release|iPhone
		{1CD2FCC6-73A6-4A4D-B518-243B0FE37A90}.Release|iPhone.Build.0 = Release|iPhone
		{1CD2FCC6-73A6-4A4D-B518-243B0FE37A90}.Release|iPhone.Deploy.0 = Release|iPhone
		{1CD2FCC6-73A6-4A4D-B518-243B0FE37A90}.Release|iPhoneSimulator.ActiveCfg = Release|iPhoneSimulator
		{1CD2FCC6-73A6-4A4D-B518-243B0FE37A90}.Release|iPhoneSimulator.Build.0 = Release|iPhoneSimulator
		{1CD2FCC6-73A6-4A4D-B518-243B0FE37A90}.Release|iPhoneSimulator.Deploy.0 = Release|iPhoneSimulator
		{1CD2FCC6-73A6-4A4D-B518-243B0FE37A90}.Release|x64.ActiveCfg = Release|iPhoneSimulator
		{1CD2FCC6-73A6-4A4D-B518-243B0FE37A90}.Release|x64.Build.0 = Release|iPhoneSimulator
		{1CD2FCC6-73A6-4A4D-B518-243B0FE37A90}.Release|x64.Deploy.0 = Release|iPhoneSimulator
		{1CD2FCC6-73A6-4A4D-B518-243B0FE37A90}.Release|x86.ActiveCfg = Release|iPhoneSimulator
		{1CD2FCC6-73A6-4A4D-B518-243B0FE37A90}.Release|x86.Build.0 = Release|iPhoneSimulator
		{1CD2FCC6-73A6-4A4D-B518-243B0FE37A90}.Release|x86.Deploy.0 = Release|iPhoneSimulator
		{8795318F-8649-407D-B44A-BC1BCC6CA31A}.Debug|Any CPU.ActiveCfg = Debug|Any CPU
		{8795318F-8649-407D-B44A-BC1BCC6CA31A}.Debug|Any CPU.Build.0 = Debug|Any CPU
		{8795318F-8649-407D-B44A-BC1BCC6CA31A}.Debug|Any CPU.Deploy.0 = Debug|Any CPU
		{8795318F-8649-407D-B44A-BC1BCC6CA31A}.Debug|ARM.ActiveCfg = Debug|Any CPU
		{8795318F-8649-407D-B44A-BC1BCC6CA31A}.Debug|ARM.Build.0 = Debug|Any CPU
		{8795318F-8649-407D-B44A-BC1BCC6CA31A}.Debug|ARM.Deploy.0 = Debug|Any CPU
		{8795318F-8649-407D-B44A-BC1BCC6CA31A}.Debug|iPhone.ActiveCfg = Debug|Any CPU
		{8795318F-8649-407D-B44A-BC1BCC6CA31A}.Debug|iPhone.Build.0 = Debug|Any CPU
		{8795318F-8649-407D-B44A-BC1BCC6CA31A}.Debug|iPhone.Deploy.0 = Debug|Any CPU
		{8795318F-8649-407D-B44A-BC1BCC6CA31A}.Debug|iPhoneSimulator.ActiveCfg = Debug|Any CPU
		{8795318F-8649-407D-B44A-BC1BCC6CA31A}.Debug|iPhoneSimulator.Build.0 = Debug|Any CPU
		{8795318F-8649-407D-B44A-BC1BCC6CA31A}.Debug|iPhoneSimulator.Deploy.0 = Debug|Any CPU
		{8795318F-8649-407D-B44A-BC1BCC6CA31A}.Debug|x64.ActiveCfg = Debug|Any CPU
		{8795318F-8649-407D-B44A-BC1BCC6CA31A}.Debug|x64.Build.0 = Debug|Any CPU
		{8795318F-8649-407D-B44A-BC1BCC6CA31A}.Debug|x64.Deploy.0 = Debug|Any CPU
		{8795318F-8649-407D-B44A-BC1BCC6CA31A}.Debug|x86.ActiveCfg = Debug|Any CPU
		{8795318F-8649-407D-B44A-BC1BCC6CA31A}.Debug|x86.Build.0 = Debug|Any CPU
		{8795318F-8649-407D-B44A-BC1BCC6CA31A}.Debug|x86.Deploy.0 = Debug|Any CPU
		{8795318F-8649-407D-B44A-BC1BCC6CA31A}.Release|Any CPU.ActiveCfg = Release|Any CPU
		{8795318F-8649-407D-B44A-BC1BCC6CA31A}.Release|Any CPU.Build.0 = Release|Any CPU
		{8795318F-8649-407D-B44A-BC1BCC6CA31A}.Release|Any CPU.Deploy.0 = Release|Any CPU
		{8795318F-8649-407D-B44A-BC1BCC6CA31A}.Release|ARM.ActiveCfg = Release|Any CPU
		{8795318F-8649-407D-B44A-BC1BCC6CA31A}.Release|ARM.Build.0 = Release|Any CPU
		{8795318F-8649-407D-B44A-BC1BCC6CA31A}.Release|ARM.Deploy.0 = Release|Any CPU
		{8795318F-8649-407D-B44A-BC1BCC6CA31A}.Release|iPhone.ActiveCfg = Release|Any CPU
		{8795318F-8649-407D-B44A-BC1BCC6CA31A}.Release|iPhone.Build.0 = Release|Any CPU
		{8795318F-8649-407D-B44A-BC1BCC6CA31A}.Release|iPhone.Deploy.0 = Release|Any CPU
		{8795318F-8649-407D-B44A-BC1BCC6CA31A}.Release|iPhoneSimulator.ActiveCfg = Release|Any CPU
		{8795318F-8649-407D-B44A-BC1BCC6CA31A}.Release|iPhoneSimulator.Build.0 = Release|Any CPU
		{8795318F-8649-407D-B44A-BC1BCC6CA31A}.Release|iPhoneSimulator.Deploy.0 = Release|Any CPU
		{8795318F-8649-407D-B44A-BC1BCC6CA31A}.Release|x64.ActiveCfg = Release|Any CPU
		{8795318F-8649-407D-B44A-BC1BCC6CA31A}.Release|x64.Build.0 = Release|Any CPU
		{8795318F-8649-407D-B44A-BC1BCC6CA31A}.Release|x64.Deploy.0 = Release|Any CPU
		{8795318F-8649-407D-B44A-BC1BCC6CA31A}.Release|x86.ActiveCfg = Release|Any CPU
		{8795318F-8649-407D-B44A-BC1BCC6CA31A}.Release|x86.Build.0 = Release|Any CPU
		{8795318F-8649-407D-B44A-BC1BCC6CA31A}.Release|x86.Deploy.0 = Release|Any CPU
	EndGlobalSection
	GlobalSection(SolutionProperties) = preSolution
		HideSolutionNode = FALSE
	EndGlobalSection
	GlobalSection(ExtensibilityGlobals) = postSolution
		SolutionGuid = {11B6C4CB-04AD-4D5C-803C-6652D70AB955}
	EndGlobalSection
EndGlobal
